// !$*UTF8*$!
{
	archiveVersion = 1;
	classes = {
	};
	objectVersion = 46;
	objects = {

/* Begin PBXBuildFile section */
		1AC17C9D1AF9B21600A05611 /* AppDelegate.swift in Sources */ = {isa = PBXBuildFile; fileRef = 1AC17C9C1AF9B21600A05611 /* AppDelegate.swift */; };
		1AC17C9F1AF9B21600A05611 /* ViewController.swift in Sources */ = {isa = PBXBuildFile; fileRef = 1AC17C9E1AF9B21600A05611 /* ViewController.swift */; };
		1AC17CA21AF9B21600A05611 /* Main.storyboard in Resources */ = {isa = PBXBuildFile; fileRef = 1AC17CA01AF9B21600A05611 /* Main.storyboard */; };
		1AC17CA41AF9B21600A05611 /* Images.xcassets in Resources */ = {isa = PBXBuildFile; fileRef = 1AC17CA31AF9B21600A05611 /* Images.xcassets */; };
		1AC17CA71AF9B21600A05611 /* LaunchScreen.xib in Resources */ = {isa = PBXBuildFile; fileRef = 1AC17CA51AF9B21600A05611 /* LaunchScreen.xib */; };
		1AC17CB31AF9B21700A05611 /* Test_Source_ControlTests.swift in Sources */ = {isa = PBXBuildFile; fileRef = 1AC17CB21AF9B21700A05611 /* Test_Source_ControlTests.swift */; };
/* End PBXBuildFile section */

/* Begin PBXContainerItemProxy section */
		1AC17CAD1AF9B21700A05611 /* PBXContainerItemProxy */ = {
			isa = PBXContainerItemProxy;
			containerPortal = 1AC17C8F1AF9B21600A05611 /* Project object */;
			proxyType = 1;
			remoteGlobalIDString = 1AC17C961AF9B21600A05611;
			remoteInfo = Test_Source_Control;
		};
/* End PBXContainerItemProxy section */

/* Begin PBXFileReference section */
		1AC17C971AF9B21600A05611 /* Test_Source_Control.app */ = {isa = PBXFileReference; explicitFileType = wrapper.application; includeInIndex = 0; path = Test_Source_Control.app; sourceTree = BUILT_PRODUCTS_DIR; };
		1AC17C9B1AF9B21600A05611 /* Info.plist */ = {isa = PBXFileReference; lastKnownFileType = text.plist.xml; path = Info.plist; sourceTree = "<group>"; };
		1AC17C9C1AF9B21600A05611 /* AppDelegate.swift */ = {isa = PBXFileReference; lastKnownFileType = sourcecode.swift; path = AppDelegate.swift; sourceTree = "<group>"; };
		1AC17C9E1AF9B21600A05611 /* ViewController.swift */ = {isa = PBXFileReference; lastKnownFileType = sourcecode.swift; path = ViewController.swift; sourceTree = "<group>"; };
		1AC17CA11AF9B21600A05611 /* Base */ = {isa = PBXFileReference; lastKnownFileType = file.storyboard; name = Base; path = Base.lproj/Main.storyboard; sourceTree = "<group>"; };
		1AC17CA31AF9B21600A05611 /* Images.xcassets */ = {isa = PBXFileReference; lastKnownFileType = folder.assetcatalog; path = Images.xcassets; sourceTree = "<group>"; };
		1AC17CA61AF9B21600A05611 /* Base */ = {isa = PBXFileReference; lastKnownFileType = file.xib; name = Base; path = Base.lproj/LaunchScreen.xib; sourceTree = "<group>"; };
		1AC17CAC1AF9B21700A05611 /* Test_Source_ControlTests.xctest */ = {isa = PBXFileReference; explicitFileType = wrapper.cfbundle; includeInIndex = 0; path = Test_Source_ControlTests.xctest; sourceTree = BUILT_PRODUCTS_DIR; };
		1AC17CB11AF9B21700A05611 /* Info.plist */ = {isa = PBXFileReference; lastKnownFileType = text.plist.xml; path = Info.plist; sourceTree = "<group>"; };
		1AC17CB21AF9B21700A05611 /* Test_Source_ControlTests.swift */ = {isa = PBXFileReference; lastKnownFileType = sourcecode.swift; path = Test_Source_ControlTests.swift; sourceTree = "<group>"; };
/* End PBXFileReference section */

/* Begin PBXFrameworksBuildPhase section */
		1AC17C941AF9B21600A05611 /* Frameworks */ = {
			isa = PBXFrameworksBuildPhase;
			buildActionMask = 2147483647;
			files = (
			);
			runOnlyForDeploymentPostprocessing = 0;
		};
		1AC17CA91AF9B21700A05611 /* Frameworks */ = {
			isa = PBXFrameworksBuildPhase;
			buildActionMask = 2147483647;
			files = (
			);
			runOnlyForDeploymentPostprocessing = 0;
		};
/* End PBXFrameworksBuildPhase section */

/* Begin PBXGroup section */
		1AC17C8E1AF9B21600A05611 = {
			isa = PBXGroup;
			children = (
				1AC17C991AF9B21600A05611 /* Test_Source_Control */,
				1AC17CAF1AF9B21700A05611 /* Test_Source_ControlTests */,
				1AC17C981AF9B21600A05611 /* Products */,
			);
			sourceTree = "<group>";
		};
		1AC17C981AF9B21600A05611 /* Products */ = {
			isa = PBXGroup;
			children = (
				1AC17C971AF9B21600A05611 /* Test_Source_Control.app */,
				1AC17CAC1AF9B21700A05611 /* Test_Source_ControlTests.xctest */,
			);
			name = Products;
			sourceTree = "<group>";
		};
		1AC17C991AF9B21600A05611 /* Test_Source_Control */ = {
			isa = PBXGroup;
			children = (
				1AC17C9C1AF9B21600A05611 /* AppDelegate.swift */,
				1AC17C9E1AF9B21600A05611 /* ViewController.swift */,
				1AC17CA01AF9B21600A05611 /* Main.storyboard */,
				1AC17CA31AF9B21600A05611 /* Images.xcassets */,
				1AC17CA51AF9B21600A05611 /* LaunchScreen.xib */,
				1AC17C9A1AF9B21600A05611 /* Supporting Files */,
			);
			path = Test_Source_Control;
			sourceTree = "<group>";
		};
		1AC17C9A1AF9B21600A05611 /* Supporting Files */ = {
			isa = PBXGroup;
			children = (
				1AC17C9B1AF9B21600A05611 /* Info.plist */,
			);
			name = "Supporting Files";
			sourceTree = "<group>";
		};
		1AC17CAF1AF9B21700A05611 /* Test_Source_ControlTests */ = {
			isa = PBXGroup;
			children = (
				1AC17CB21AF9B21700A05611 /* Test_Source_ControlTests.swift */,
				1AC17CB01AF9B21700A05611 /* Supporting Files */,
			);
			path = Test_Source_ControlTests;
			sourceTree = "<group>";
		};
		1AC17CB01AF9B21700A05611 /* Supporting Files */ = {
			isa = PBXGroup;
			children = (
				1AC17CB11AF9B21700A05611 /* Info.plist */,
			);
			name = "Supporting Files";
			sourceTree = "<group>";
		};
/* End PBXGroup section */

/* Begin PBXNativeTarget section */
		1AC17C961AF9B21600A05611 /* Test_Source_Control */ = {
			isa = PBXNativeTarget;
			buildConfigurationList = 1AC17CB61AF9B21700A05611 /* Build configuration list for PBXNativeTarget "Test_Source_Control" */;
			buildPhases = (
				1AC17C931AF9B21600A05611 /* Sources */,
				1AC17C941AF9B21600A05611 /* Frameworks */,
				1AC17C951AF9B21600A05611 /* Resources */,
			);
			buildRules = (
			);
			dependencies = (
			);
			name = Test_Source_Control;
			productName = Test_Source_Control;
			productReference = 1AC17C971AF9B21600A05611 /* Test_Source_Control.app */;
			productType = "com.apple.product-type.application";
		};
		1AC17CAB1AF9B21700A05611 /* Test_Source_ControlTests */ = {
			isa = PBXNativeTarget;
			buildConfigurationList = 1AC17CB91AF9B21700A05611 /* Build configuration list for PBXNativeTarget "Test_Source_ControlTests" */;
			buildPhases = (
				1AC17CA81AF9B21700A05611 /* Sources */,
				1AC17CA91AF9B21700A05611 /* Frameworks */,
				1AC17CAA1AF9B21700A05611 /* Resources */,
			);
			buildRules = (
			);
			dependencies = (
				1AC17CAE1AF9B21700A05611 /* PBXTargetDependency */,
			);
			name = Test_Source_ControlTests;
			productName = Test_Source_ControlTests;
			productReference = 1AC17CAC1AF9B21700A05611 /* Test_Source_ControlTests.xctest */;
			productType = "com.apple.product-type.bundle.unit-test";
		};
/* End PBXNativeTarget section */

/* Begin PBXProject section */
		1AC17C8F1AF9B21600A05611 /* Project object */ = {
			isa = PBXProject;
			attributes = {
				LastUpgradeCheck = 0630;
				ORGANIZATIONNAME = "James Ouhyoung";
				TargetAttributes = {
					1AC17C961AF9B21600A05611 = {
						CreatedOnToolsVersion = 6.3;
					};
					1AC17CAB1AF9B21700A05611 = {
						CreatedOnToolsVersion = 6.3;
						TestTargetID = 1AC17C961AF9B21600A05611;
					};
				};
			};
			buildConfigurationList = 1AC17C921AF9B21600A05611 /* Build configuration list for PBXProject "Test_Source_Control" */;
			compatibilityVersion = "Xcode 3.2";
			developmentRegion = English;
			hasScannedForEncodings = 0;
			knownRegions = (
				en,
				Base,
			);
			mainGroup = 1AC17C8E1AF9B21600A05611;
			productRefGroup = 1AC17C981AF9B21600A05611 /* Products */;
			projectDirPath = "";
			projectRoot = "";
			targets = (
				1AC17C961AF9B21600A05611 /* Test_Source_Control */,
				1AC17CAB1AF9B21700A05611 /* Test_Source_ControlTests */,
			);
		};
/* End PBXProject section */

/* Begin PBXResourcesBuildPhase section */
		1AC17C951AF9B21600A05611 /* Resources */ = {
			isa = PBXResourcesBuildPhase;
			buildActionMask = 2147483647;
			files = (
				1AC17CA21AF9B21600A05611 /* Main.storyboard in Resources */,
				1AC17CA71AF9B21600A05611 /* LaunchScreen.xib in Resources */,
				1AC17CA41AF9B21600A05611 /* Images.xcassets in Resources */,
			);
			runOnlyForDeploymentPostprocessing = 0;
		};
		1AC17CAA1AF9B21700A05611 /* Resources */ = {
			isa = PBXResourcesBuildPhase;
			buildActionMask = 2147483647;
			files = (
			);
			runOnlyForDeploymentPostprocessing = 0;
		};
/* End PBXResourcesBuildPhase section */

/* Begin PBXSourcesBuildPhase section */
		1AC17C931AF9B21600A05611 /* Sources */ = {
			isa = PBXSourcesBuildPhase;
			buildActionMask = 2147483647;
			files = (
				1AC17C9F1AF9B21600A05611 /* ViewController.swift in Sources */,
				1AC17C9D1AF9B21600A05611 /* AppDelegate.swift in Sources */,
			);
			runOnlyForDeploymentPostprocessing = 0;
		};
		1AC17CA81AF9B21700A05611 /* Sources */ = {
			isa = PBXSourcesBuildPhase;
			buildActionMask = 2147483647;
			files = (
				1AC17CB31AF9B21700A05611 /* Test_Source_ControlTests.swift in Sources */,
			);
			runOnlyForDeploymentPostprocessing = 0;
		};
/* End PBXSourcesBuildPhase section */

/* Begin PBXTargetDependency section */
		1AC17CAE1AF9B21700A05611 /* PBXTargetDependency */ = {
			isa = PBXTargetDependency;
			target = 1AC17C961AF9B21600A05611 /* Test_Source_Control */;
			targetProxy = 1AC17CAD1AF9B21700A05611 /* PBXContainerItemProxy */;
		};
/* End PBXTargetDependency section */

/* Begin PBXVariantGroup section */
		1AC17CA01AF9B21600A05611 /* Main.storyboard */ = {
			isa = PBXVariantGroup;
			children = (
				1AC17CA11AF9B21600A05611 /* Base */,
			);
			name = Main.storyboard;
			sourceTree = "<group>";
		};
		1AC17CA51AF9B21600A05611 /* LaunchScreen.xib */ = {
			isa = PBXVariantGroup;
			children = (
				1AC17CA61AF9B21600A05611 /* Base */,
			);
			name = LaunchScreen.xib;
			sourceTree = "<group>";
		};
/* End PBXVariantGroup section */

/* Begin XCBuildConfiguration section */
		1AC17CB41AF9B21700A05611 /* Debug */ = {
			isa = XCBuildConfiguration;
			buildSettings = {
				ALWAYS_SEARCH_USER_PATHS = NO;
				CLANG_CXX_LANGUAGE_STANDARD = "gnu++0x";
				CLANG_CXX_LIBRARY = "libc++";
				CLANG_ENABLE_MODULES = YES;
				CLANG_ENABLE_OBJC_ARC = YES;
				CLANG_WARN_BOOL_CONVERSION = YES;
				CLANG_WARN_CONSTANT_CONVERSION = YES;
				CLANG_WARN_DIRECT_OBJC_ISA_USAGE = YES_ERROR;
				CLANG_WARN_EMPTY_BODY = YES;
				CLANG_WARN_ENUM_CONVERSION = YES;
				CLANG_WARN_INT_CONVERSION = YES;
				CLANG_WARN_OBJC_ROOT_CLASS = YES_ERROR;
				CLANG_WARN_UNREACHABLE_CODE = YES;
				CLANG_WARN__DUPLICATE_METHOD_MATCH = YES;
				"CODE_SIGN_IDENTITY[sdk=iphoneos*]" = "iPhone Developer";
				COPY_PHASE_STRIP = NO;
				DEBUG_INFORMATION_FORMAT = "dwarf-with-dsym";
				ENABLE_STRICT_OBJC_MSGSEND = YES;
				GCC_C_LANGUAGE_STANDARD = gnu99;
				GCC_DYNAMIC_NO_PIC = NO;
				GCC_NO_COMMON_BLOCKS = YES;
				GCC_OPTIMIZATION_LEVEL = 0;
				GCC_PREPROCESSOR_DEFINITIONS = (
					"DEBUG=1",
					"$(inherited)",
				);
				GCC_SYMBOLS_PRIVATE_EXTERN = NO;
				GCC_WARN_64_TO_32_BIT_CONVERSION = YES;
				GCC_WARN_ABOUT_RETURN_TYPE = YES_ERROR;
				GCC_WARN_UNDECLARED_SELECTOR = YES;
				GCC_WARN_UNINITIALIZED_AUTOS = YES_AGGRESSIVE;
				GCC_WARN_UNUSED_FUNCTION = YES;
				GCC_WARN_UNUSED_VARIABLE = YES;
				IPHONEOS_DEPLOYMENT_TARGET = 8.3;
				MTL_ENABLE_DEBUG_INFO = YES;
				ONLY_ACTIVE_ARCH = YES;
				SDKROOT = iphoneos;
				SWIFT_OPTIMIZATION_LEVEL = "-Onone";
			};
			name = Debug;
		};
		1AC17CB51AF9B21700A05611 /* Release */ = {
			isa = XCBuildConfiguration;
			buildSettings = {
				ALWAYS_SEARCH_USER_PATHS = NO;
				CLANG_CXX_LANGUAGE_STANDARD = "gnu++0x";
				CLANG_CXX_LIBRARY = "libc++";
				CLANG_ENABLE_MODULES = YES;
				CLANG_ENABLE_OBJC_ARC = YES;
				CLANG_WARN_BOOL_CONVERSION = YES;
				CLANG_WARN_CONSTANT_CONVERSION = YES;
				CLANG_WARN_DIRECT_OBJC_ISA_USAGE = YES_ERROR;
				CLANG_WARN_EMPTY_BODY = YES;
				CLANG_WARN_ENUM_CONVERSION = YES;
				CLANG_WARN_INT_CONVERSION = YES;
				CLANG_WARN_OBJC_ROOT_CLASS = YES_ERROR;
				CLANG_WARN_UNREACHABLE_CODE = YES;
				CLANG_WARN__DUPLICATE_METHOD_MATCH = YES;
				"CODE_SIGN_IDENTITY[sdk=iphoneos*]" = "iPhone Developer";
				COPY_PHASE_STRIP = NO;
				DEBUG_INFORMATION_FORMAT = "dwarf-with-dsym";
				ENABLE_NS_ASSERTIONS = NO;
				ENABLE_STRICT_OBJC_MSGSEND = YES;
				GCC_C_LANGUAGE_STANDARD = gnu99;
				GCC_NO_COMMON_BLOCKS = YES;
				GCC_WARN_64_TO_32_BIT_CONVERSION = YES;
				GCC_WARN_ABOUT_RETURN_TYPE = YES_ERROR;
				GCC_WARN_UNDECLARED_SELECTOR = YES;
				GCC_WARN_UNINITIALIZED_AUTOS = YES_AGGRESSIVE;
				GCC_WARN_UNUSED_FUNCTION = YES;
				GCC_WARN_UNUSED_VARIABLE = YES;
				IPHONEOS_DEPLOYMENT_TARGET = 8.3;
				MTL_ENABLE_DEBUG_INFO = NO;
				SDKROOT = iphoneos;
				VALIDATE_PRODUCT = YES;
			};
			name = Release;
		};
		1AC17CB71AF9B21700A05611 /* Debug */ = {
			isa = XCBuildConfiguration;
			buildSettings = {
				ASSETCATALOG_COMPILER_APPICON_NAME = AppIcon;
				INFOPLIST_FILE = Test_Source_Control/Info.plist;
				LD_RUNPATH_SEARCH_PATHS = "$(inherited) @executable_path/Frameworks";
				PRODUCT_NAME = "$(TARGET_NAME)";
			};
			name = Debug;
		};
		1AC17CB81AF9B21700A05611 /* Release */ = {
			isa = XCBuildConfiguration;
			buildSettings = {
				ASSETCATALOG_COMPILER_APPICON_NAME = AppIcon;
				INFOPLIST_FILE = Test_Source_Control/Info.plist;
				LD_RUNPATH_SEARCH_PATHS = "$(inherited) @executable_path/Frameworks";
				PRODUCT_NAME = "$(TARGET_NAME)";
			};
			name = Release;
		};
		1AC17CBA1AF9B21700A05611 /* Debug */ = {
			isa = XCBuildConfiguration;
			buildSettings = {
				BUNDLE_LOADER = "$(TEST_HOST)";
				FRAMEWORK_SEARCH_PATHS = (
					"$(SDKROOT)/Developer/Library/Frameworks",
					"$(inherited)",
				);
				GCC_PREPROCESSOR_DEFINITIONS = (
					"DEBUG=1",
					"$(inherited)",
				);
				INFOPLIST_FILE = Test_Source_ControlTests/Info.plist;
				LD_RUNPATH_SEARCH_PATHS = "$(inherited) @executable_path/Frameworks @loader_path/Frameworks";
				PRODUCT_NAME = "$(TARGET_NAME)";
				TEST_HOST = "$(BUILT_PRODUCTS_DIR)/Test_Source_Control.app/Test_Source_Control";
			};
			name = Debug;
		};
		1AC17CBB1AF9B21700A05611 /* Release */ = {
			isa = XCBuildConfiguration;
			buildSettings = {
				BUNDLE_LOADER = "$(TEST_HOST)";
				FRAMEWORK_SEARCH_PATHS = (
					"$(SDKROOT)/Developer/Library/Frameworks",
					"$(inherited)",
				);
				INFOPLIST_FILE = Test_Source_ControlTests/Info.plist;
				LD_RUNPATH_SEARCH_PATHS = "$(inherited) @executable_path/Frameworks @loader_path/Frameworks";
				PRODUCT_NAME = "$(TARGET_NAME)";
				TEST_HOST = "$(BUILT_PRODUCTS_DIR)/Test_Source_Control.app/Test_Source_Control";
			};
			name = Release;
		};
/* End XCBuildConfiguration section */

/* Begin XCConfigurationList section */
		1AC17C921AF9B21600A05611 /* Build configuration list for PBXProject "Test_Source_Control" */ = {
			isa = XCConfigurationList;
			buildConfigurations = (
				1AC17CB41AF9B21700A05611 /* Debug */,
				1AC17CB51AF9B21700A05611 /* Release */,
			);
			defaultConfigurationIsVisible = 0;
			defaultConfigurationName = Release;
		};
		1AC17CB61AF9B21700A05611 /* Build configuration list for PBXNativeTarget "Test_Source_Control" */ = {
			isa = XCConfigurationList;
			buildConfigurations = (
				1AC17CB71AF9B21700A05611 /* Debug */,
				1AC17CB81AF9B21700A05611 /* Release */,
			);
			defaultConfigurationIsVisible = 0;
		};
		1AC17CB91AF9B21700A05611 /* Build configuration list for PBXNativeTarget "Test_Source_ControlTests" */ = {
			isa = XCConfigurationList;
			buildConfigurations = (
				1AC17CBA1AF9B21700A05611 /* Debug */,
				1AC17CBB1AF9B21700A05611 /* Release */,
			);
			defaultConfigurationIsVisible = 0;
		};
/* End XCConfigurationList section */
	};
	rootObject = 1AC17C8F1AF9B21600A05611 /* Project object */;
}
